// !$*UTF8*$!
{
	archiveVersion = 1;
	classes = {
	};
	objectVersion = 56;
	objects = {

/* Begin PBXBuildFile section */
		59516C302AD19E5A00D5F060 /* AppDelegate.swift in Sources */ = {isa = PBXBuildFile; fileRef = 59516C2F2AD19E5A00D5F060 /* AppDelegate.swift */; };
		59516C322AD19E5A00D5F060 /* SceneDelegate.swift in Sources */ = {isa = PBXBuildFile; fileRef = 59516C312AD19E5A00D5F060 /* SceneDelegate.swift */; };
		59516C3A2AD19E5A00D5F060 /* Game_VIPER.xcdatamodeld in Sources */ = {isa = PBXBuildFile; fileRef = 59516C382AD19E5A00D5F060 /* Game_VIPER.xcdatamodeld */; };
		59516C3C2AD19E5C00D5F060 /* Assets.xcassets in Resources */ = {isa = PBXBuildFile; fileRef = 59516C3B2AD19E5C00D5F060 /* Assets.xcassets */; };
		59516C3F2AD19E5C00D5F060 /* LaunchScreen.storyboard in Resources */ = {isa = PBXBuildFile; fileRef = 59516C3D2AD19E5C00D5F060 /* LaunchScreen.storyboard */; };
		59516C4A2AD19E5C00D5F060 /* Game_VIPERTests.swift in Sources */ = {isa = PBXBuildFile; fileRef = 59516C492AD19E5C00D5F060 /* Game_VIPERTests.swift */; };
		59516C542AD19E5C00D5F060 /* Game_VIPERUITests.swift in Sources */ = {isa = PBXBuildFile; fileRef = 59516C532AD19E5C00D5F060 /* Game_VIPERUITests.swift */; };
		59516C562AD19E5C00D5F060 /* Game_VIPERUITestsLaunchTests.swift in Sources */ = {isa = PBXBuildFile; fileRef = 59516C552AD19E5C00D5F060 /* Game_VIPERUITestsLaunchTests.swift */; };
		59516C6A2AD1A00200D5F060 /* HomeVC.swift in Sources */ = {isa = PBXBuildFile; fileRef = 59516C682AD1A00200D5F060 /* HomeVC.swift */; };
		59516C6B2AD1A00200D5F060 /* HomeVC.xib in Resources */ = {isa = PBXBuildFile; fileRef = 59516C692AD1A00200D5F060 /* HomeVC.xib */; };
		59516C6D2AD1A01F00D5F060 /* HomeInteractor.swift in Sources */ = {isa = PBXBuildFile; fileRef = 59516C6C2AD1A01F00D5F060 /* HomeInteractor.swift */; };
		59516C6F2AD1A02E00D5F060 /* HomePresenter.swift in Sources */ = {isa = PBXBuildFile; fileRef = 59516C6E2AD1A02E00D5F060 /* HomePresenter.swift */; };
		59516C712AD1A04200D5F060 /* HomeEntity.swift in Sources */ = {isa = PBXBuildFile; fileRef = 59516C702AD1A04200D5F060 /* HomeEntity.swift */; };
		59516C732AD1A04C00D5F060 /* HomeRouter.swift in Sources */ = {isa = PBXBuildFile; fileRef = 59516C722AD1A04C00D5F060 /* HomeRouter.swift */; };
		59516C762AD1A0C500D5F060 /* BaseView.swift in Sources */ = {isa = PBXBuildFile; fileRef = 59516C752AD1A0C500D5F060 /* BaseView.swift */; };
		59516C782AD1A0D000D5F060 /* BaseInteractor.swift in Sources */ = {isa = PBXBuildFile; fileRef = 59516C772AD1A0D000D5F060 /* BaseInteractor.swift */; };
		59516C7A2AD1A0DA00D5F060 /* BasePresenter.swift in Sources */ = {isa = PBXBuildFile; fileRef = 59516C792AD1A0DA00D5F060 /* BasePresenter.swift */; };
		59516C7C2AD1A0E300D5F060 /* BaseEntity.swift in Sources */ = {isa = PBXBuildFile; fileRef = 59516C7B2AD1A0E300D5F060 /* BaseEntity.swift */; };
		59516C7E2AD1A0ED00D5F060 /* BaseRouter.swift in Sources */ = {isa = PBXBuildFile; fileRef = 59516C7D2AD1A0ED00D5F060 /* BaseRouter.swift */; };
		59516C812AD2D6F800D5F060 /* FavoriteVC.swift in Sources */ = {isa = PBXBuildFile; fileRef = 59516C7F2AD2D6F800D5F060 /* FavoriteVC.swift */; };
		59516C822AD2D6F800D5F060 /* FavoriteVC.xib in Resources */ = {isa = PBXBuildFile; fileRef = 59516C802AD2D6F800D5F060 /* FavoriteVC.xib */; };
		59516C842AD2D70800D5F060 /* FavoriteInteractor.swift in Sources */ = {isa = PBXBuildFile; fileRef = 59516C832AD2D70800D5F060 /* FavoriteInteractor.swift */; };
		59516C862AD2D71600D5F060 /* FavoritePresenter.swift in Sources */ = {isa = PBXBuildFile; fileRef = 59516C852AD2D71600D5F060 /* FavoritePresenter.swift */; };
		59516C882AD2D72500D5F060 /* FavoriteEntity.swift in Sources */ = {isa = PBXBuildFile; fileRef = 59516C872AD2D72500D5F060 /* FavoriteEntity.swift */; };
		59516C8A2AD2D73200D5F060 /* FavoriteRouter.swift in Sources */ = {isa = PBXBuildFile; fileRef = 59516C892AD2D73200D5F060 /* FavoriteRouter.swift */; };
		598F9D4B2AD484CA00378061 /* Alamofire in Frameworks */ = {isa = PBXBuildFile; productRef = 598F9D4A2AD484CA00378061 /* Alamofire */; };
		598F9D4F2AD4855300378061 /* BaseNetwork.swift in Sources */ = {isa = PBXBuildFile; fileRef = 598F9D4E2AD4855300378061 /* BaseNetwork.swift */; };
		598F9D512AD4859E00378061 /* NetworkService.swift in Sources */ = {isa = PBXBuildFile; fileRef = 598F9D502AD4859E00378061 /* NetworkService.swift */; };
		598F9D522AD4859E00378061 /* NetworkService.swift in Sources */ = {isa = PBXBuildFile; fileRef = 598F9D502AD4859E00378061 /* NetworkService.swift */; };
		598F9D552AD4864D00378061 /* BaseConfig.swift in Sources */ = {isa = PBXBuildFile; fileRef = 598F9D542AD4864D00378061 /* BaseConfig.swift */; };
		598F9D572AD4873000378061 /* NetworkService+StringPath.swift in Sources */ = {isa = PBXBuildFile; fileRef = 598F9D562AD4873000378061 /* NetworkService+StringPath.swift */; };
		598F9D5C2AD48B9600378061 /* NetworkConfigConstants.swift in Sources */ = {isa = PBXBuildFile; fileRef = 598F9D5B2AD48B9600378061 /* NetworkConfigConstants.swift */; };
		598F9D5E2AD48CA300378061 /* NetworkPaths.swift in Sources */ = {isa = PBXBuildFile; fileRef = 598F9D5D2AD48CA300378061 /* NetworkPaths.swift */; };
		598F9D622AD494D700378061 /* NetworkManager.swift in Sources */ = {isa = PBXBuildFile; fileRef = 598F9D612AD494D700378061 /* NetworkManager.swift */; };
		598F9D652AD4964F00378061 /* Game.swift in Sources */ = {isa = PBXBuildFile; fileRef = 598F9D642AD4964F00378061 /* Game.swift */; };
		598F9D682AD49AF200378061 /* Kingfisher in Frameworks */ = {isa = PBXBuildFile; productRef = 598F9D672AD49AF200378061 /* Kingfisher */; };
		598F9D6C2AD4A56500378061 /* GameTableCell.swift in Sources */ = {isa = PBXBuildFile; fileRef = 598F9D6A2AD4A56500378061 /* GameTableCell.swift */; };
		598F9D6D2AD4A56500378061 /* GameTableCell.xib in Resources */ = {isa = PBXBuildFile; fileRef = 598F9D6B2AD4A56500378061 /* GameTableCell.xib */; };
		598F9D6F2AD4A74300378061 /* UIViewController+loading.swift in Sources */ = {isa = PBXBuildFile; fileRef = 598F9D6E2AD4A74300378061 /* UIViewController+loading.swift */; };
		598F9D722AD4A7D000378061 /* BaseScreenViewController.swift in Sources */ = {isa = PBXBuildFile; fileRef = 598F9D712AD4A7D000378061 /* BaseScreenViewController.swift */; };
/* End PBXBuildFile section */

/* Begin PBXContainerItemProxy section */
		59516C462AD19E5C00D5F060 /* PBXContainerItemProxy */ = {
			isa = PBXContainerItemProxy;
			containerPortal = 59516C242AD19E5A00D5F060 /* Project object */;
			proxyType = 1;
			remoteGlobalIDString = 59516C2B2AD19E5A00D5F060;
			remoteInfo = "Game-VIPER";
		};
		59516C502AD19E5C00D5F060 /* PBXContainerItemProxy */ = {
			isa = PBXContainerItemProxy;
			containerPortal = 59516C242AD19E5A00D5F060 /* Project object */;
			proxyType = 1;
			remoteGlobalIDString = 59516C2B2AD19E5A00D5F060;
			remoteInfo = "Game-VIPER";
		};
/* End PBXContainerItemProxy section */

/* Begin PBXFileReference section */
		59516C2C2AD19E5A00D5F060 /* Game-VIPER.app */ = {isa = PBXFileReference; explicitFileType = wrapper.application; includeInIndex = 0; path = "Game-VIPER.app"; sourceTree = BUILT_PRODUCTS_DIR; };
		59516C2F2AD19E5A00D5F060 /* AppDelegate.swift */ = {isa = PBXFileReference; lastKnownFileType = sourcecode.swift; path = AppDelegate.swift; sourceTree = "<group>"; };
		59516C312AD19E5A00D5F060 /* SceneDelegate.swift */ = {isa = PBXFileReference; lastKnownFileType = sourcecode.swift; path = SceneDelegate.swift; sourceTree = "<group>"; };
		59516C392AD19E5A00D5F060 /* Game_VIPER.xcdatamodel */ = {isa = PBXFileReference; lastKnownFileType = wrapper.xcdatamodel; path = Game_VIPER.xcdatamodel; sourceTree = "<group>"; };
		59516C3B2AD19E5C00D5F060 /* Assets.xcassets */ = {isa = PBXFileReference; lastKnownFileType = folder.assetcatalog; path = Assets.xcassets; sourceTree = "<group>"; };
		59516C3E2AD19E5C00D5F060 /* Base */ = {isa = PBXFileReference; lastKnownFileType = file.storyboard; name = Base; path = Base.lproj/LaunchScreen.storyboard; sourceTree = "<group>"; };
		59516C402AD19E5C00D5F060 /* Info.plist */ = {isa = PBXFileReference; lastKnownFileType = text.plist.xml; path = Info.plist; sourceTree = "<group>"; };
		59516C452AD19E5C00D5F060 /* Game-VIPERTests.xctest */ = {isa = PBXFileReference; explicitFileType = wrapper.cfbundle; includeInIndex = 0; path = "Game-VIPERTests.xctest"; sourceTree = BUILT_PRODUCTS_DIR; };
		59516C492AD19E5C00D5F060 /* Game_VIPERTests.swift */ = {isa = PBXFileReference; lastKnownFileType = sourcecode.swift; path = Game_VIPERTests.swift; sourceTree = "<group>"; };
		59516C4F2AD19E5C00D5F060 /* Game-VIPERUITests.xctest */ = {isa = PBXFileReference; explicitFileType = wrapper.cfbundle; includeInIndex = 0; path = "Game-VIPERUITests.xctest"; sourceTree = BUILT_PRODUCTS_DIR; };
		59516C532AD19E5C00D5F060 /* Game_VIPERUITests.swift */ = {isa = PBXFileReference; lastKnownFileType = sourcecode.swift; path = Game_VIPERUITests.swift; sourceTree = "<group>"; };
		59516C552AD19E5C00D5F060 /* Game_VIPERUITestsLaunchTests.swift */ = {isa = PBXFileReference; lastKnownFileType = sourcecode.swift; path = Game_VIPERUITestsLaunchTests.swift; sourceTree = "<group>"; };
		59516C682AD1A00200D5F060 /* HomeVC.swift */ = {isa = PBXFileReference; lastKnownFileType = sourcecode.swift; path = HomeVC.swift; sourceTree = "<group>"; };
		59516C692AD1A00200D5F060 /* HomeVC.xib */ = {isa = PBXFileReference; lastKnownFileType = file.xib; path = HomeVC.xib; sourceTree = "<group>"; };
		59516C6C2AD1A01F00D5F060 /* HomeInteractor.swift */ = {isa = PBXFileReference; lastKnownFileType = sourcecode.swift; path = HomeInteractor.swift; sourceTree = "<group>"; };
		59516C6E2AD1A02E00D5F060 /* HomePresenter.swift */ = {isa = PBXFileReference; lastKnownFileType = sourcecode.swift; path = HomePresenter.swift; sourceTree = "<group>"; };
		59516C702AD1A04200D5F060 /* HomeEntity.swift */ = {isa = PBXFileReference; lastKnownFileType = sourcecode.swift; path = HomeEntity.swift; sourceTree = "<group>"; };
		59516C722AD1A04C00D5F060 /* HomeRouter.swift */ = {isa = PBXFileReference; lastKnownFileType = sourcecode.swift; path = HomeRouter.swift; sourceTree = "<group>"; };
		59516C752AD1A0C500D5F060 /* BaseView.swift */ = {isa = PBXFileReference; lastKnownFileType = sourcecode.swift; path = BaseView.swift; sourceTree = "<group>"; };
		59516C772AD1A0D000D5F060 /* BaseInteractor.swift */ = {isa = PBXFileReference; lastKnownFileType = sourcecode.swift; path = BaseInteractor.swift; sourceTree = "<group>"; };
		59516C792AD1A0DA00D5F060 /* BasePresenter.swift */ = {isa = PBXFileReference; lastKnownFileType = sourcecode.swift; path = BasePresenter.swift; sourceTree = "<group>"; };
		59516C7B2AD1A0E300D5F060 /* BaseEntity.swift */ = {isa = PBXFileReference; lastKnownFileType = sourcecode.swift; path = BaseEntity.swift; sourceTree = "<group>"; };
		59516C7D2AD1A0ED00D5F060 /* BaseRouter.swift */ = {isa = PBXFileReference; lastKnownFileType = sourcecode.swift; path = BaseRouter.swift; sourceTree = "<group>"; };
		59516C7F2AD2D6F800D5F060 /* FavoriteVC.swift */ = {isa = PBXFileReference; lastKnownFileType = sourcecode.swift; path = FavoriteVC.swift; sourceTree = "<group>"; };
		59516C802AD2D6F800D5F060 /* FavoriteVC.xib */ = {isa = PBXFileReference; lastKnownFileType = file.xib; path = FavoriteVC.xib; sourceTree = "<group>"; };
		59516C832AD2D70800D5F060 /* FavoriteInteractor.swift */ = {isa = PBXFileReference; lastKnownFileType = sourcecode.swift; path = FavoriteInteractor.swift; sourceTree = "<group>"; };
		59516C852AD2D71600D5F060 /* FavoritePresenter.swift */ = {isa = PBXFileReference; lastKnownFileType = sourcecode.swift; path = FavoritePresenter.swift; sourceTree = "<group>"; };
		59516C872AD2D72500D5F060 /* FavoriteEntity.swift */ = {isa = PBXFileReference; lastKnownFileType = sourcecode.swift; path = FavoriteEntity.swift; sourceTree = "<group>"; };
		59516C892AD2D73200D5F060 /* FavoriteRouter.swift */ = {isa = PBXFileReference; lastKnownFileType = sourcecode.swift; path = FavoriteRouter.swift; sourceTree = "<group>"; };
		598F9D4E2AD4855300378061 /* BaseNetwork.swift */ = {isa = PBXFileReference; lastKnownFileType = sourcecode.swift; path = BaseNetwork.swift; sourceTree = "<group>"; };
		598F9D502AD4859E00378061 /* NetworkService.swift */ = {isa = PBXFileReference; lastKnownFileType = sourcecode.swift; path = NetworkService.swift; sourceTree = "<group>"; };
		598F9D542AD4864D00378061 /* BaseConfig.swift */ = {isa = PBXFileReference; lastKnownFileType = sourcecode.swift; path = BaseConfig.swift; sourceTree = "<group>"; };
		598F9D562AD4873000378061 /* NetworkService+StringPath.swift */ = {isa = PBXFileReference; lastKnownFileType = sourcecode.swift; path = "NetworkService+StringPath.swift"; sourceTree = "<group>"; };
		598F9D5B2AD48B9600378061 /* NetworkConfigConstants.swift */ = {isa = PBXFileReference; lastKnownFileType = sourcecode.swift; path = NetworkConfigConstants.swift; sourceTree = "<group>"; };
		598F9D5D2AD48CA300378061 /* NetworkPaths.swift */ = {isa = PBXFileReference; lastKnownFileType = sourcecode.swift; path = NetworkPaths.swift; sourceTree = "<group>"; };
		598F9D612AD494D700378061 /* NetworkManager.swift */ = {isa = PBXFileReference; lastKnownFileType = sourcecode.swift; path = NetworkManager.swift; sourceTree = "<group>"; };
		598F9D642AD4964F00378061 /* Game.swift */ = {isa = PBXFileReference; lastKnownFileType = sourcecode.swift; path = Game.swift; sourceTree = "<group>"; };
		598F9D6A2AD4A56500378061 /* GameTableCell.swift */ = {isa = PBXFileReference; lastKnownFileType = sourcecode.swift; path = GameTableCell.swift; sourceTree = "<group>"; };
		598F9D6B2AD4A56500378061 /* GameTableCell.xib */ = {isa = PBXFileReference; lastKnownFileType = file.xib; path = GameTableCell.xib; sourceTree = "<group>"; };
		598F9D6E2AD4A74300378061 /* UIViewController+loading.swift */ = {isa = PBXFileReference; lastKnownFileType = sourcecode.swift; path = "UIViewController+loading.swift"; sourceTree = "<group>"; };
		598F9D712AD4A7D000378061 /* BaseScreenViewController.swift */ = {isa = PBXFileReference; lastKnownFileType = sourcecode.swift; path = BaseScreenViewController.swift; sourceTree = "<group>"; };
/* End PBXFileReference section */

/* Begin PBXFrameworksBuildPhase section */
		59516C292AD19E5A00D5F060 /* Frameworks */ = {
			isa = PBXFrameworksBuildPhase;
			buildActionMask = 2147483647;
			files = (
				598F9D682AD49AF200378061 /* Kingfisher in Frameworks */,
				598F9D4B2AD484CA00378061 /* Alamofire in Frameworks */,
			);
			runOnlyForDeploymentPostprocessing = 0;
		};
		59516C422AD19E5C00D5F060 /* Frameworks */ = {
			isa = PBXFrameworksBuildPhase;
			buildActionMask = 2147483647;
			files = (
			);
			runOnlyForDeploymentPostprocessing = 0;
		};
		59516C4C2AD19E5C00D5F060 /* Frameworks */ = {
			isa = PBXFrameworksBuildPhase;
			buildActionMask = 2147483647;
			files = (
			);
			runOnlyForDeploymentPostprocessing = 0;
		};
/* End PBXFrameworksBuildPhase section */

/* Begin PBXGroup section */
		59516C232AD19E5A00D5F060 = {
			isa = PBXGroup;
			children = (
				59516C2E2AD19E5A00D5F060 /* Game-VIPER */,
				59516C482AD19E5C00D5F060 /* Game-VIPERTests */,
				59516C522AD19E5C00D5F060 /* Game-VIPERUITests */,
				59516C2D2AD19E5A00D5F060 /* Products */,
			);
			sourceTree = "<group>";
		};
		59516C2D2AD19E5A00D5F060 /* Products */ = {
			isa = PBXGroup;
			children = (
				59516C2C2AD19E5A00D5F060 /* Game-VIPER.app */,
				59516C452AD19E5C00D5F060 /* Game-VIPERTests.xctest */,
				59516C4F2AD19E5C00D5F060 /* Game-VIPERUITests.xctest */,
			);
			name = Products;
			sourceTree = "<group>";
		};
		59516C2E2AD19E5A00D5F060 /* Game-VIPER */ = {
			isa = PBXGroup;
			children = (
				59516C632AD19EB600D5F060 /* Core */,
				598F9D592AD48B7E00378061 /* Product */,
				59516C642AD19EBB00D5F060 /* Modules */,
				59516C402AD19E5C00D5F060 /* Info.plist */,
				59516C382AD19E5A00D5F060 /* Game_VIPER.xcdatamodeld */,
			);
			path = "Game-VIPER";
			sourceTree = "<group>";
		};
		59516C482AD19E5C00D5F060 /* Game-VIPERTests */ = {
			isa = PBXGroup;
			children = (
				59516C492AD19E5C00D5F060 /* Game_VIPERTests.swift */,
			);
			path = "Game-VIPERTests";
			sourceTree = "<group>";
		};
		59516C522AD19E5C00D5F060 /* Game-VIPERUITests */ = {
			isa = PBXGroup;
			children = (
				59516C532AD19E5C00D5F060 /* Game_VIPERUITests.swift */,
				59516C552AD19E5C00D5F060 /* Game_VIPERUITestsLaunchTests.swift */,
			);
			path = "Game-VIPERUITests";
			sourceTree = "<group>";
		};
		59516C622AD19EA100D5F060 /* Application */ = {
			isa = PBXGroup;
			children = (
				59516C2F2AD19E5A00D5F060 /* AppDelegate.swift */,
				59516C312AD19E5A00D5F060 /* SceneDelegate.swift */,
				59516C3D2AD19E5C00D5F060 /* LaunchScreen.storyboard */,
				59516C3B2AD19E5C00D5F060 /* Assets.xcassets */,
			);
			path = Application;
			sourceTree = "<group>";
		};
		59516C632AD19EB600D5F060 /* Core */ = {
			isa = PBXGroup;
			children = (
				598F9D702AD4A7B300378061 /* Utility */,
				598F9D582AD487D000378061 /* Constants */,
				598F9D4C2AD484F400378061 /* Network */,
				59516C622AD19EA100D5F060 /* Application */,
				59516C742AD1A08C00D5F060 /* BaseViper */,
			);
			path = Core;
			sourceTree = "<group>";
		};
		59516C642AD19EBB00D5F060 /* Modules */ = {
			isa = PBXGroup;
			children = (
				59516C662AD19F5B00D5F060 /* Favorite */,
				59516C652AD19F5600D5F060 /* Home */,
			);
			path = Modules;
			sourceTree = "<group>";
		};
		59516C652AD19F5600D5F060 /* Home */ = {
			isa = PBXGroup;
			children = (
				59516C672AD19FA000D5F060 /* View */,
				59516C682AD1A00200D5F060 /* HomeVC.swift */,
				59516C692AD1A00200D5F060 /* HomeVC.xib */,
				59516C6C2AD1A01F00D5F060 /* HomeInteractor.swift */,
				59516C6E2AD1A02E00D5F060 /* HomePresenter.swift */,
				59516C702AD1A04200D5F060 /* HomeEntity.swift */,
				59516C722AD1A04C00D5F060 /* HomeRouter.swift */,
			);
			path = Home;
			sourceTree = "<group>";
		};
		59516C662AD19F5B00D5F060 /* Favorite */ = {
			isa = PBXGroup;
			children = (
				59516C7F2AD2D6F800D5F060 /* FavoriteVC.swift */,
				59516C802AD2D6F800D5F060 /* FavoriteVC.xib */,
				59516C832AD2D70800D5F060 /* FavoriteInteractor.swift */,
				59516C852AD2D71600D5F060 /* FavoritePresenter.swift */,
				59516C872AD2D72500D5F060 /* FavoriteEntity.swift */,
				59516C892AD2D73200D5F060 /* FavoriteRouter.swift */,
			);
			path = Favorite;
			sourceTree = "<group>";
		};
		59516C672AD19FA000D5F060 /* View */ = {
			isa = PBXGroup;
			children = (
				598F9D692AD4A54800378061 /* Cell */,
			);
			path = View;
			sourceTree = "<group>";
		};
		59516C742AD1A08C00D5F060 /* BaseViper */ = {
			isa = PBXGroup;
			children = (
				59516C752AD1A0C500D5F060 /* BaseView.swift */,
				59516C772AD1A0D000D5F060 /* BaseInteractor.swift */,
				59516C792AD1A0DA00D5F060 /* BasePresenter.swift */,
				59516C7B2AD1A0E300D5F060 /* BaseEntity.swift */,
				59516C7D2AD1A0ED00D5F060 /* BaseRouter.swift */,
			);
			path = BaseViper;
			sourceTree = "<group>";
		};
		598F9D4C2AD484F400378061 /* Network */ = {
			isa = PBXGroup;
			children = (
				598F9D4D2AD4853100378061 /* Base */,
				598F9D532AD4863A00378061 /* Extension */,
				598F9D502AD4859E00378061 /* NetworkService.swift */,
			);
			path = Network;
			sourceTree = "<group>";
		};
		598F9D4D2AD4853100378061 /* Base */ = {
			isa = PBXGroup;
			children = (
				598F9D4E2AD4855300378061 /* BaseNetwork.swift */,
				598F9D542AD4864D00378061 /* BaseConfig.swift */,
			);
			path = Base;
			sourceTree = "<group>";
		};
		598F9D532AD4863A00378061 /* Extension */ = {
			isa = PBXGroup;
			children = (
				598F9D562AD4873000378061 /* NetworkService+StringPath.swift */,
				598F9D6E2AD4A74300378061 /* UIViewController+loading.swift */,
			);
			path = Extension;
			sourceTree = "<group>";
		};
		598F9D582AD487D000378061 /* Constants */ = {
			isa = PBXGroup;
			children = (
			);
			path = Constants;
			sourceTree = "<group>";
		};
		598F9D592AD48B7E00378061 /* Product */ = {
			isa = PBXGroup;
			children = (
				598F9D632AD4962A00378061 /* Model */,
				598F9D5F2AD494AD00378061 /* Network */,
				598F9D5A2AD48B8400378061 /* Constant */,
			);
			path = Product;
			sourceTree = "<group>";
		};
		598F9D5A2AD48B8400378061 /* Constant */ = {
			isa = PBXGroup;
			children = (
				598F9D5B2AD48B9600378061 /* NetworkConfigConstants.swift */,
				598F9D5D2AD48CA300378061 /* NetworkPaths.swift */,
			);
			path = Constant;
			sourceTree = "<group>";
		};
		598F9D5F2AD494AD00378061 /* Network */ = {
			isa = PBXGroup;
			children = (
				598F9D612AD494D700378061 /* NetworkManager.swift */,
			);
			path = Network;
			sourceTree = "<group>";
		};
		598F9D632AD4962A00378061 /* Model */ = {
			isa = PBXGroup;
			children = (
				598F9D642AD4964F00378061 /* Game.swift */,
			);
			path = Model;
			sourceTree = "<group>";
		};
		598F9D692AD4A54800378061 /* Cell */ = {
			isa = PBXGroup;
			children = (
				598F9D6A2AD4A56500378061 /* GameTableCell.swift */,
				598F9D6B2AD4A56500378061 /* GameTableCell.xib */,
			);
			path = Cell;
			sourceTree = "<group>";
		};
		598F9D702AD4A7B300378061 /* Utility */ = {
			isa = PBXGroup;
			children = (
				598F9D712AD4A7D000378061 /* BaseScreenViewController.swift */,
			);
			path = Utility;
			sourceTree = "<group>";
		};
/* End PBXGroup section */

/* Begin PBXNativeTarget section */
		59516C2B2AD19E5A00D5F060 /* Game-VIPER */ = {
			isa = PBXNativeTarget;
			buildConfigurationList = 59516C592AD19E5C00D5F060 /* Build configuration list for PBXNativeTarget "Game-VIPER" */;
			buildPhases = (
				59516C282AD19E5A00D5F060 /* Sources */,
				59516C292AD19E5A00D5F060 /* Frameworks */,
				59516C2A2AD19E5A00D5F060 /* Resources */,
			);
			buildRules = (
			);
			dependencies = (
			);
			name = "Game-VIPER";
			packageProductDependencies = (
				598F9D4A2AD484CA00378061 /* Alamofire */,
				598F9D672AD49AF200378061 /* Kingfisher */,
			);
			productName = "Game-VIPER";
			productReference = 59516C2C2AD19E5A00D5F060 /* Game-VIPER.app */;
			productType = "com.apple.product-type.application";
		};
		59516C442AD19E5C00D5F060 /* Game-VIPERTests */ = {
			isa = PBXNativeTarget;
			buildConfigurationList = 59516C5C2AD19E5C00D5F060 /* Build configuration list for PBXNativeTarget "Game-VIPERTests" */;
			buildPhases = (
				59516C412AD19E5C00D5F060 /* Sources */,
				59516C422AD19E5C00D5F060 /* Frameworks */,
				59516C432AD19E5C00D5F060 /* Resources */,
			);
			buildRules = (
			);
			dependencies = (
				59516C472AD19E5C00D5F060 /* PBXTargetDependency */,
			);
			name = "Game-VIPERTests";
			productName = "Game-VIPERTests";
			productReference = 59516C452AD19E5C00D5F060 /* Game-VIPERTests.xctest */;
			productType = "com.apple.product-type.bundle.unit-test";
		};
		59516C4E2AD19E5C00D5F060 /* Game-VIPERUITests */ = {
			isa = PBXNativeTarget;
			buildConfigurationList = 59516C5F2AD19E5C00D5F060 /* Build configuration list for PBXNativeTarget "Game-VIPERUITests" */;
			buildPhases = (
				59516C4B2AD19E5C00D5F060 /* Sources */,
				59516C4C2AD19E5C00D5F060 /* Frameworks */,
				59516C4D2AD19E5C00D5F060 /* Resources */,
			);
			buildRules = (
			);
			dependencies = (
				59516C512AD19E5C00D5F060 /* PBXTargetDependency */,
			);
			name = "Game-VIPERUITests";
			productName = "Game-VIPERUITests";
			productReference = 59516C4F2AD19E5C00D5F060 /* Game-VIPERUITests.xctest */;
			productType = "com.apple.product-type.bundle.ui-testing";
		};
/* End PBXNativeTarget section */

/* Begin PBXProject section */
		59516C242AD19E5A00D5F060 /* Project object */ = {
			isa = PBXProject;
			attributes = {
				BuildIndependentTargetsInParallel = 1;
				LastSwiftUpdateCheck = 1420;
				LastUpgradeCheck = 1420;
				TargetAttributes = {
					59516C2B2AD19E5A00D5F060 = {
						CreatedOnToolsVersion = 14.2;
					};
					59516C442AD19E5C00D5F060 = {
						CreatedOnToolsVersion = 14.2;
						TestTargetID = 59516C2B2AD19E5A00D5F060;
					};
					59516C4E2AD19E5C00D5F060 = {
						CreatedOnToolsVersion = 14.2;
						TestTargetID = 59516C2B2AD19E5A00D5F060;
					};
				};
			};
			buildConfigurationList = 59516C272AD19E5A00D5F060 /* Build configuration list for PBXProject "Game-VIPER" */;
			compatibilityVersion = "Xcode 14.0";
			developmentRegion = en;
			hasScannedForEncodings = 0;
			knownRegions = (
				en,
				Base,
			);
			mainGroup = 59516C232AD19E5A00D5F060;
			packageReferences = (
				598F9D492AD484CA00378061 /* XCRemoteSwiftPackageReference "Alamofire" */,
				598F9D662AD49AF200378061 /* XCRemoteSwiftPackageReference "Kingfisher" */,
			);
			productRefGroup = 59516C2D2AD19E5A00D5F060 /* Products */;
			projectDirPath = "";
			projectRoot = "";
			targets = (
				59516C2B2AD19E5A00D5F060 /* Game-VIPER */,
				59516C442AD19E5C00D5F060 /* Game-VIPERTests */,
				59516C4E2AD19E5C00D5F060 /* Game-VIPERUITests */,
			);
		};
/* End PBXProject section */

/* Begin PBXResourcesBuildPhase section */
		59516C2A2AD19E5A00D5F060 /* Resources */ = {
			isa = PBXResourcesBuildPhase;
			buildActionMask = 2147483647;
			files = (
				59516C822AD2D6F800D5F060 /* FavoriteVC.xib in Resources */,
				59516C3F2AD19E5C00D5F060 /* LaunchScreen.storyboard in Resources */,
				598F9D6D2AD4A56500378061 /* GameTableCell.xib in Resources */,
				59516C6B2AD1A00200D5F060 /* HomeVC.xib in Resources */,
				59516C3C2AD19E5C00D5F060 /* Assets.xcassets in Resources */,
			);
			runOnlyForDeploymentPostprocessing = 0;
		};
		59516C432AD19E5C00D5F060 /* Resources */ = {
			isa = PBXResourcesBuildPhase;
			buildActionMask = 2147483647;
			files = (
			);
			runOnlyForDeploymentPostprocessing = 0;
		};
		59516C4D2AD19E5C00D5F060 /* Resources */ = {
			isa = PBXResourcesBuildPhase;
			buildActionMask = 2147483647;
			files = (
			);
			runOnlyForDeploymentPostprocessing = 0;
		};
/* End PBXResourcesBuildPhase section */

/* Begin PBXSourcesBuildPhase section */
		59516C282AD19E5A00D5F060 /* Sources */ = {
			isa = PBXSourcesBuildPhase;
			buildActionMask = 2147483647;
			files = (
				59516C302AD19E5A00D5F060 /* AppDelegate.swift in Sources */,
				59516C782AD1A0D000D5F060 /* BaseInteractor.swift in Sources */,
				598F9D722AD4A7D000378061 /* BaseScreenViewController.swift in Sources */,
				59516C6A2AD1A00200D5F060 /* HomeVC.swift in Sources */,
				598F9D6F2AD4A74300378061 /* UIViewController+loading.swift in Sources */,
				598F9D572AD4873000378061 /* NetworkService+StringPath.swift in Sources */,
				598F9D5C2AD48B9600378061 /* NetworkConfigConstants.swift in Sources */,
				598F9D6C2AD4A56500378061 /* GameTableCell.swift in Sources */,
				59516C882AD2D72500D5F060 /* FavoriteEntity.swift in Sources */,
				59516C712AD1A04200D5F060 /* HomeEntity.swift in Sources */,
				59516C3A2AD19E5A00D5F060 /* Game_VIPER.xcdatamodeld in Sources */,
				59516C6F2AD1A02E00D5F060 /* HomePresenter.swift in Sources */,
				59516C732AD1A04C00D5F060 /* HomeRouter.swift in Sources */,
				598F9D652AD4964F00378061 /* Game.swift in Sources */,
				598F9D552AD4864D00378061 /* BaseConfig.swift in Sources */,
				59516C7E2AD1A0ED00D5F060 /* BaseRouter.swift in Sources */,
				598F9D5E2AD48CA300378061 /* NetworkPaths.swift in Sources */,
				598F9D4F2AD4855300378061 /* BaseNetwork.swift in Sources */,
				59516C7C2AD1A0E300D5F060 /* BaseEntity.swift in Sources */,
				598F9D622AD494D700378061 /* NetworkManager.swift in Sources */,
				59516C762AD1A0C500D5F060 /* BaseView.swift in Sources */,
				598F9D512AD4859E00378061 /* NetworkService.swift in Sources */,
				59516C6D2AD1A01F00D5F060 /* HomeInteractor.swift in Sources */,
				59516C842AD2D70800D5F060 /* FavoriteInteractor.swift in Sources */,
				59516C322AD19E5A00D5F060 /* SceneDelegate.swift in Sources */,
				59516C8A2AD2D73200D5F060 /* FavoriteRouter.swift in Sources */,
				59516C812AD2D6F800D5F060 /* FavoriteVC.swift in Sources */,
				59516C7A2AD1A0DA00D5F060 /* BasePresenter.swift in Sources */,
				59516C862AD2D71600D5F060 /* FavoritePresenter.swift in Sources */,
			);
			runOnlyForDeploymentPostprocessing = 0;
		};
		59516C412AD19E5C00D5F060 /* Sources */ = {
			isa = PBXSourcesBuildPhase;
			buildActionMask = 2147483647;
			files = (
				598F9D522AD4859E00378061 /* NetworkService.swift in Sources */,
				59516C4A2AD19E5C00D5F060 /* Game_VIPERTests.swift in Sources */,
			);
			runOnlyForDeploymentPostprocessing = 0;
		};
		59516C4B2AD19E5C00D5F060 /* Sources */ = {
			isa = PBXSourcesBuildPhase;
			buildActionMask = 2147483647;
			files = (
				59516C542AD19E5C00D5F060 /* Game_VIPERUITests.swift in Sources */,
				59516C562AD19E5C00D5F060 /* Game_VIPERUITestsLaunchTests.swift in Sources */,
			);
			runOnlyForDeploymentPostprocessing = 0;
		};
/* End PBXSourcesBuildPhase section */

/* Begin PBXTargetDependency section */
		59516C472AD19E5C00D5F060 /* PBXTargetDependency */ = {
			isa = PBXTargetDependency;
			target = 59516C2B2AD19E5A00D5F060 /* Game-VIPER */;
			targetProxy = 59516C462AD19E5C00D5F060 /* PBXContainerItemProxy */;
		};
		59516C512AD19E5C00D5F060 /* PBXTargetDependency */ = {
			isa = PBXTargetDependency;
			target = 59516C2B2AD19E5A00D5F060 /* Game-VIPER */;
			targetProxy = 59516C502AD19E5C00D5F060 /* PBXContainerItemProxy */;
		};
/* End PBXTargetDependency section */

/* Begin PBXVariantGroup section */
		59516C3D2AD19E5C00D5F060 /* LaunchScreen.storyboard */ = {
			isa = PBXVariantGroup;
			children = (
				59516C3E2AD19E5C00D5F060 /* Base */,
			);
			name = LaunchScreen.storyboard;
			sourceTree = "<group>";
		};
/* End PBXVariantGroup section */

/* Begin XCBuildConfiguration section */
		59516C572AD19E5C00D5F060 /* Debug */ = {
			isa = XCBuildConfiguration;
			buildSettings = {
				ALWAYS_SEARCH_USER_PATHS = NO;
				CLANG_ANALYZER_NONNULL = YES;
				CLANG_ANALYZER_NUMBER_OBJECT_CONVERSION = YES_AGGRESSIVE;
				CLANG_CXX_LANGUAGE_STANDARD = "gnu++20";
				CLANG_ENABLE_MODULES = YES;
				CLANG_ENABLE_OBJC_ARC = YES;
				CLANG_ENABLE_OBJC_WEAK = YES;
				CLANG_WARN_BLOCK_CAPTURE_AUTORELEASING = YES;
				CLANG_WARN_BOOL_CONVERSION = YES;
				CLANG_WARN_COMMA = YES;
				CLANG_WARN_CONSTANT_CONVERSION = YES;
				CLANG_WARN_DEPRECATED_OBJC_IMPLEMENTATIONS = YES;
				CLANG_WARN_DIRECT_OBJC_ISA_USAGE = YES_ERROR;
				CLANG_WARN_DOCUMENTATION_COMMENTS = YES;
				CLANG_WARN_EMPTY_BODY = YES;
				CLANG_WARN_ENUM_CONVERSION = YES;
				CLANG_WARN_INFINITE_RECURSION = YES;
				CLANG_WARN_INT_CONVERSION = YES;
				CLANG_WARN_NON_LITERAL_NULL_CONVERSION = YES;
				CLANG_WARN_OBJC_IMPLICIT_RETAIN_SELF = YES;
				CLANG_WARN_OBJC_LITERAL_CONVERSION = YES;
				CLANG_WARN_OBJC_ROOT_CLASS = YES_ERROR;
				CLANG_WARN_QUOTED_INCLUDE_IN_FRAMEWORK_HEADER = YES;
				CLANG_WARN_RANGE_LOOP_ANALYSIS = YES;
				CLANG_WARN_STRICT_PROTOTYPES = YES;
				CLANG_WARN_SUSPICIOUS_MOVE = YES;
				CLANG_WARN_UNGUARDED_AVAILABILITY = YES_AGGRESSIVE;
				CLANG_WARN_UNREACHABLE_CODE = YES;
				CLANG_WARN__DUPLICATE_METHOD_MATCH = YES;
				COPY_PHASE_STRIP = NO;
				DEBUG_INFORMATION_FORMAT = dwarf;
				ENABLE_STRICT_OBJC_MSGSEND = YES;
				ENABLE_TESTABILITY = YES;
				GCC_C_LANGUAGE_STANDARD = gnu11;
				GCC_DYNAMIC_NO_PIC = NO;
				GCC_NO_COMMON_BLOCKS = YES;
				GCC_OPTIMIZATION_LEVEL = 0;
				GCC_PREPROCESSOR_DEFINITIONS = (
					"DEBUG=1",
					"$(inherited)",
				);
				GCC_WARN_64_TO_32_BIT_CONVERSION = YES;
				GCC_WARN_ABOUT_RETURN_TYPE = YES_ERROR;
				GCC_WARN_UNDECLARED_SELECTOR = YES;
				GCC_WARN_UNINITIALIZED_AUTOS = YES_AGGRESSIVE;
				GCC_WARN_UNUSED_FUNCTION = YES;
				GCC_WARN_UNUSED_VARIABLE = YES;
				IPHONEOS_DEPLOYMENT_TARGET = 16.2;
				MTL_ENABLE_DEBUG_INFO = INCLUDE_SOURCE;
				MTL_FAST_MATH = YES;
				ONLY_ACTIVE_ARCH = YES;
				SDKROOT = iphoneos;
				SWIFT_ACTIVE_COMPILATION_CONDITIONS = DEBUG;
				SWIFT_OPTIMIZATION_LEVEL = "-Onone";
			};
			name = Debug;
		};
		59516C582AD19E5C00D5F060 /* Release */ = {
			isa = XCBuildConfiguration;
			buildSettings = {
				ALWAYS_SEARCH_USER_PATHS = NO;
				CLANG_ANALYZER_NONNULL = YES;
				CLANG_ANALYZER_NUMBER_OBJECT_CONVERSION = YES_AGGRESSIVE;
				CLANG_CXX_LANGUAGE_STANDARD = "gnu++20";
				CLANG_ENABLE_MODULES = YES;
				CLANG_ENABLE_OBJC_ARC = YES;
				CLANG_ENABLE_OBJC_WEAK = YES;
				CLANG_WARN_BLOCK_CAPTURE_AUTORELEASING = YES;
				CLANG_WARN_BOOL_CONVERSION = YES;
				CLANG_WARN_COMMA = YES;
				CLANG_WARN_CONSTANT_CONVERSION = YES;
				CLANG_WARN_DEPRECATED_OBJC_IMPLEMENTATIONS = YES;
				CLANG_WARN_DIRECT_OBJC_ISA_USAGE = YES_ERROR;
				CLANG_WARN_DOCUMENTATION_COMMENTS = YES;
				CLANG_WARN_EMPTY_BODY = YES;
				CLANG_WARN_ENUM_CONVERSION = YES;
				CLANG_WARN_INFINITE_RECURSION = YES;
				CLANG_WARN_INT_CONVERSION = YES;
				CLANG_WARN_NON_LITERAL_NULL_CONVERSION = YES;
				CLANG_WARN_OBJC_IMPLICIT_RETAIN_SELF = YES;
				CLANG_WARN_OBJC_LITERAL_CONVERSION = YES;
				CLANG_WARN_OBJC_ROOT_CLASS = YES_ERROR;
				CLANG_WARN_QUOTED_INCLUDE_IN_FRAMEWORK_HEADER = YES;
				CLANG_WARN_RANGE_LOOP_ANALYSIS = YES;
				CLANG_WARN_STRICT_PROTOTYPES = YES;
				CLANG_WARN_SUSPICIOUS_MOVE = YES;
				CLANG_WARN_UNGUARDED_AVAILABILITY = YES_AGGRESSIVE;
				CLANG_WARN_UNREACHABLE_CODE = YES;
				CLANG_WARN__DUPLICATE_METHOD_MATCH = YES;
				COPY_PHASE_STRIP = NO;
				DEBUG_INFORMATION_FORMAT = "dwarf-with-dsym";
				ENABLE_NS_ASSERTIONS = NO;
				ENABLE_STRICT_OBJC_MSGSEND = YES;
				GCC_C_LANGUAGE_STANDARD = gnu11;
				GCC_NO_COMMON_BLOCKS = YES;
				GCC_WARN_64_TO_32_BIT_CONVERSION = YES;
				GCC_WARN_ABOUT_RETURN_TYPE = YES_ERROR;
				GCC_WARN_UNDECLARED_SELECTOR = YES;
				GCC_WARN_UNINITIALIZED_AUTOS = YES_AGGRESSIVE;
				GCC_WARN_UNUSED_FUNCTION = YES;
				GCC_WARN_UNUSED_VARIABLE = YES;
				IPHONEOS_DEPLOYMENT_TARGET = 16.2;
				MTL_ENABLE_DEBUG_INFO = NO;
				MTL_FAST_MATH = YES;
				SDKROOT = iphoneos;
				SWIFT_COMPILATION_MODE = wholemodule;
				SWIFT_OPTIMIZATION_LEVEL = "-O";
				VALIDATE_PRODUCT = YES;
			};
			name = Release;
		};
		59516C5A2AD19E5C00D5F060 /* Debug */ = {
			isa = XCBuildConfiguration;
			buildSettings = {
				ASSETCATALOG_COMPILER_APPICON_NAME = AppIcon;
				ASSETCATALOG_COMPILER_GLOBAL_ACCENT_COLOR_NAME = AccentColor;
				CODE_SIGN_STYLE = Automatic;
				CURRENT_PROJECT_VERSION = 1;
				DEVELOPMENT_TEAM = LM4N656MP6;
				GENERATE_INFOPLIST_FILE = YES;
				INFOPLIST_FILE = "Game-VIPER/Info.plist";
				INFOPLIST_KEY_UIApplicationSupportsIndirectInputEvents = YES;
				INFOPLIST_KEY_UILaunchStoryboardName = LaunchScreen;
				INFOPLIST_KEY_UISupportedInterfaceOrientations_iPad = "UIInterfaceOrientationPortrait UIInterfaceOrientationPortraitUpsideDown UIInterfaceOrientationLandscapeLeft UIInterfaceOrientationLandscapeRight";
				INFOPLIST_KEY_UISupportedInterfaceOrientations_iPhone = "UIInterfaceOrientationPortrait UIInterfaceOrientationLandscapeLeft UIInterfaceOrientationLandscapeRight";
				LD_RUNPATH_SEARCH_PATHS = (
					"$(inherited)",
					"@executable_path/Frameworks",
				);
				MARKETING_VERSION = 1.0;
				PRODUCT_BUNDLE_IDENTIFIER = "com.mustafacicek.Game-VIPER";
				PRODUCT_NAME = "$(TARGET_NAME)";
				SWIFT_EMIT_LOC_STRINGS = YES;
				SWIFT_VERSION = 5.0;
				TARGETED_DEVICE_FAMILY = "1,2";
			};
			name = Debug;
		};
		59516C5B2AD19E5C00D5F060 /* Release */ = {
			isa = XCBuildConfiguration;
			buildSettings = {
				ASSETCATALOG_COMPILER_APPICON_NAME = AppIcon;
				ASSETCATALOG_COMPILER_GLOBAL_ACCENT_COLOR_NAME = AccentColor;
				CODE_SIGN_STYLE = Automatic;
				CURRENT_PROJECT_VERSION = 1;
				DEVELOPMENT_TEAM = LM4N656MP6;
				GENERATE_INFOPLIST_FILE = YES;
				INFOPLIST_FILE = "Game-VIPER/Info.plist";
				INFOPLIST_KEY_UIApplicationSupportsIndirectInputEvents = YES;
				INFOPLIST_KEY_UILaunchStoryboardName = LaunchScreen;
				INFOPLIST_KEY_UISupportedInterfaceOrientations_iPad = "UIInterfaceOrientationPortrait UIInterfaceOrientationPortraitUpsideDown UIInterfaceOrientationLandscapeLeft UIInterfaceOrientationLandscapeRight";
				INFOPLIST_KEY_UISupportedInterfaceOrientations_iPhone = "UIInterfaceOrientationPortrait UIInterfaceOrientationLandscapeLeft UIInterfaceOrientationLandscapeRight";
				LD_RUNPATH_SEARCH_PATHS = (
					"$(inherited)",
					"@executable_path/Frameworks",
				);
				MARKETING_VERSION = 1.0;
				PRODUCT_BUNDLE_IDENTIFIER = "com.mustafacicek.Game-VIPER";
				PRODUCT_NAME = "$(TARGET_NAME)";
				SWIFT_EMIT_LOC_STRINGS = YES;
				SWIFT_VERSION = 5.0;
				TARGETED_DEVICE_FAMILY = "1,2";
			};
			name = Release;
		};
		59516C5D2AD19E5C00D5F060 /* Debug */ = {
			isa = XCBuildConfiguration;
			buildSettings = {
				ALWAYS_EMBED_SWIFT_STANDARD_LIBRARIES = YES;
				BUNDLE_LOADER = "$(TEST_HOST)";
				CODE_SIGN_STYLE = Automatic;
				CURRENT_PROJECT_VERSION = 1;
				DEVELOPMENT_TEAM = LM4N656MP6;
				GENERATE_INFOPLIST_FILE = YES;
				IPHONEOS_DEPLOYMENT_TARGET = 16.2;
				MARKETING_VERSION = 1.0;
				PRODUCT_BUNDLE_IDENTIFIER = "com.mustafacicek.Game-VIPERTests";
				PRODUCT_NAME = "$(TARGET_NAME)";
				SWIFT_EMIT_LOC_STRINGS = NO;
				SWIFT_VERSION = 5.0;
				TARGETED_DEVICE_FAMILY = "1,2";
				TEST_HOST = "$(BUILT_PRODUCTS_DIR)/Game-VIPER.app/$(BUNDLE_EXECUTABLE_FOLDER_PATH)/Game-VIPER";
			};
			name = Debug;
		};
		59516C5E2AD19E5C00D5F060 /* Release */ = {
			isa = XCBuildConfiguration;
			buildSettings = {
				ALWAYS_EMBED_SWIFT_STANDARD_LIBRARIES = YES;
				BUNDLE_LOADER = "$(TEST_HOST)";
				CODE_SIGN_STYLE = Automatic;
				CURRENT_PROJECT_VERSION = 1;
				DEVELOPMENT_TEAM = LM4N656MP6;
				GENERATE_INFOPLIST_FILE = YES;
				IPHONEOS_DEPLOYMENT_TARGET = 16.2;
				MARKETING_VERSION = 1.0;
				PRODUCT_BUNDLE_IDENTIFIER = "com.mustafacicek.Game-VIPERTests";
				PRODUCT_NAME = "$(TARGET_NAME)";
				SWIFT_EMIT_LOC_STRINGS = NO;
				SWIFT_VERSION = 5.0;
				TARGETED_DEVICE_FAMILY = "1,2";
				TEST_HOST = "$(BUILT_PRODUCTS_DIR)/Game-VIPER.app/$(BUNDLE_EXECUTABLE_FOLDER_PATH)/Game-VIPER";
			};
			name = Release;
		};
		59516C602AD19E5C00D5F060 /* Debug */ = {
			isa = XCBuildConfiguration;
			buildSettings = {
				ALWAYS_EMBED_SWIFT_STANDARD_LIBRARIES = YES;
				CODE_SIGN_STYLE = Automatic;
				CURRENT_PROJECT_VERSION = 1;
				DEVELOPMENT_TEAM = LM4N656MP6;
				GENERATE_INFOPLIST_FILE = YES;
				MARKETING_VERSION = 1.0;
				PRODUCT_BUNDLE_IDENTIFIER = "com.mustafacicek.Game-VIPERUITests";
				PRODUCT_NAME = "$(TARGET_NAME)";
				SWIFT_EMIT_LOC_STRINGS = NO;
				SWIFT_VERSION = 5.0;
				TARGETED_DEVICE_FAMILY = "1,2";
				TEST_TARGET_NAME = "Game-VIPER";
			};
			name = Debug;
		};
		59516C612AD19E5C00D5F060 /* Release */ = {
			isa = XCBuildConfiguration;
			buildSettings = {
				ALWAYS_EMBED_SWIFT_STANDARD_LIBRARIES = YES;
				CODE_SIGN_STYLE = Automatic;
				CURRENT_PROJECT_VERSION = 1;
				DEVELOPMENT_TEAM = LM4N656MP6;
				GENERATE_INFOPLIST_FILE = YES;
				MARKETING_VERSION = 1.0;
				PRODUCT_BUNDLE_IDENTIFIER = "com.mustafacicek.Game-VIPERUITests";
				PRODUCT_NAME = "$(TARGET_NAME)";
				SWIFT_EMIT_LOC_STRINGS = NO;
				SWIFT_VERSION = 5.0;
				TARGETED_DEVICE_FAMILY = "1,2";
				TEST_TARGET_NAME = "Game-VIPER";
			};
			name = Release;
		};
/* End XCBuildConfiguration section */

/* Begin XCConfigurationList section */
		59516C272AD19E5A00D5F060 /* Build configuration list for PBXProject "Game-VIPER" */ = {
			isa = XCConfigurationList;
			buildConfigurations = (
				59516C572AD19E5C00D5F060 /* Debug */,
				59516C582AD19E5C00D5F060 /* Release */,
			);
			defaultConfigurationIsVisible = 0;
			defaultConfigurationName = Release;
		};
		59516C592AD19E5C00D5F060 /* Build configuration list for PBXNativeTarget "Game-VIPER" */ = {
			isa = XCConfigurationList;
			buildConfigurations = (
				59516C5A2AD19E5C00D5F060 /* Debug */,
				59516C5B2AD19E5C00D5F060 /* Release */,
			);
			defaultConfigurationIsVisible = 0;
			defaultConfigurationName = Release;
		};
		59516C5C2AD19E5C00D5F060 /* Build configuration list for PBXNativeTarget "Game-VIPERTests" */ = {
			isa = XCConfigurationList;
			buildConfigurations = (
				59516C5D2AD19E5C00D5F060 /* Debug */,
				59516C5E2AD19E5C00D5F060 /* Release */,
			);
			defaultConfigurationIsVisible = 0;
			defaultConfigurationName = Release;
		};
		59516C5F2AD19E5C00D5F060 /* Build configuration list for PBXNativeTarget "Game-VIPERUITests" */ = {
			isa = XCConfigurationList;
			buildConfigurations = (
				59516C602AD19E5C00D5F060 /* Debug */,
				59516C612AD19E5C00D5F060 /* Release */,
			);
			defaultConfigurationIsVisible = 0;
			defaultConfigurationName = Release;
		};
/* End XCConfigurationList section */

/* Begin XCRemoteSwiftPackageReference section */
		598F9D492AD484CA00378061 /* XCRemoteSwiftPackageReference "Alamofire" */ = {
			isa = XCRemoteSwiftPackageReference;
			repositoryURL = "https://github.com/Alamofire/Alamofire";
			requirement = {
				kind = upToNextMajorVersion;
				minimumVersion = 5.0.0;
			};
		};
		598F9D662AD49AF200378061 /* XCRemoteSwiftPackageReference "Kingfisher" */ = {
			isa = XCRemoteSwiftPackageReference;
			repositoryURL = "https://github.com/onevcat/Kingfisher.git";
			requirement = {
				kind = upToNextMajorVersion;
				minimumVersion = 7.0.0;
			};
		};
/* End XCRemoteSwiftPackageReference section */

/* Begin XCSwiftPackageProductDependency section */
		598F9D4A2AD484CA00378061 /* Alamofire */ = {
			isa = XCSwiftPackageProductDependency;
			package = 598F9D492AD484CA00378061 /* XCRemoteSwiftPackageReference "Alamofire" */;
			productName = Alamofire;
		};
		598F9D672AD49AF200378061 /* Kingfisher */ = {
			isa = XCSwiftPackageProductDependency;
			package = 598F9D662AD49AF200378061 /* XCRemoteSwiftPackageReference "Kingfisher" */;
			productName = Kingfisher;
		};
/* End XCSwiftPackageProductDependency section */

/* Begin XCVersionGroup section */
		59516C382AD19E5A00D5F060 /* Game_VIPER.xcdatamodeld */ = {
			isa = XCVersionGroup;
			children = (
				59516C392AD19E5A00D5F060 /* Game_VIPER.xcdatamodel */,
			);
			currentVersion = 59516C392AD19E5A00D5F060 /* Game_VIPER.xcdatamodel */;
			path = Game_VIPER.xcdatamodeld;
			sourceTree = "<group>";
			versionGroupType = wrapper.xcdatamodel;
		};
/* End XCVersionGroup section */
	};
	rootObject = 59516C242AD19E5A00D5F060 /* Project object */;
}
